# This file was autogenerated by Stack.
# You should not edit this file by hand.
# For more information, please see the documentation at:
#   https://docs.haskellstack.org/en/stable/lock_files

packages: []
snapshots:
- completed:
    sha256: e9de8c2b87275282877fd648d27895f6185ebc7fdae68fa949e04cbd6b34d64e
    size: 656209
    url: https://raw.githubusercontent.com/commercialhaskell/stackage-snapshots/master/nightly/2024/7/22.yaml
  original: nightly-2024-07-22
