# This file was autogenerated by Stack.
# You should not edit this file by hand.
# For more information, please see the documentation at:
#   https://docs.haskellstack.org/en/stable/topics/lock_files

packages: []
snapshots:
- completed:
    sha256: 3f794c3c7a7c50ef09964803ef60d67884c890c9115bc759409639a57cc59449
    size: 712235
    url: https://raw.githubusercontent.com/commercialhaskell/stackage-snapshots/master/nightly/2025/5/25.yaml
  original: nightly-2025-05-25
